// !$*UTF8*$!
{
	archiveVersion = 1;
	classes = {
	};
	objectVersion = 45;
	objects = {

/* Begin PBXBuildFile section */
		1121D1370E2F0BA2008C8598 /* builder.cpp in Sources */ = {isa = PBXBuildFile; fileRef = 1121D1350E2F0BA2008C8598 /* builder.cpp */; };
		1123883A0E59FCB20051B761 /* Entitlements.plist in Resources */ = {isa = PBXBuildFile; fileRef = 112388390E59FCB20051B761 /* Entitlements.plist */; };
		112A588D0E303B5800A3C218 /* imageEntity.cpp in Sources */ = {isa = PBXBuildFile; fileRef = 112A588A0E303B5800A3C218 /* imageEntity.cpp */; };
		112A588F0E303B7600A3C218 /* targetRingWidget.cpp in Sources */ = {isa = PBXBuildFile; fileRef = 112A588E0E303B7600A3C218 /* targetRingWidget.cpp */; };
		112A59FB0E3056BC00A3C218 /* particleSystem.cpp in Sources */ = {isa = PBXBuildFile; fileRef = 112A59FA0E3056BC00A3C218 /* particleSystem.cpp */; };
		1138114A0E2FEBDF00E9FF5F /* view.cpp in Sources */ = {isa = PBXBuildFile; fileRef = 113811490E2FEBDF00E9FF5F /* view.cpp */; };
		113B2C2D0DF65EB20095A737 /* map.cpp in Sources */ = {isa = PBXBuildFile; fileRef = 113B2C2C0DF65EB20095A737 /* map.cpp */; };
		113E769A0E4A6FE3005A8070 /* levelLoader.cpp in Sources */ = {isa = PBXBuildFile; fileRef = 113E76960E4A6FE3005A8070 /* levelLoader.cpp */; };
		113E769B0E4A6FE3005A8070 /* mainScreenView.cpp in Sources */ = {isa = PBXBuildFile; fileRef = 113E76980E4A6FE3005A8070 /* mainScreenView.cpp */; };
		113E76BC0E4BA9A7005A8070 /* flameTankEnemy.cpp in Sources */ = {isa = PBXBuildFile; fileRef = 113E76BA0E4BA9A7005A8070 /* flameTankEnemy.cpp */; };
		115E19870DEBA14E00BD1F3A /* appDelegate.mm in Sources */ = {isa = PBXBuildFile; fileRef = 115E19860DEBA14E00BD1F3A /* appDelegate.mm */; };
		115E199E0DEBA2A100BD1F3A /* mainView.mm in Sources */ = {isa = PBXBuildFile; fileRef = 115E199A0DEBA2A100BD1F3A /* mainView.mm */; };
		115E1A3A0DEBAE8D00BD1F3A /* iPhone.mm in Sources */ = {isa = PBXBuildFile; fileRef = 115E1A390DEBAE8D00BD1F3A /* iPhone.mm */; };
		118320AC0E31545F0037B9B4 /* vehicleController.cpp in Sources */ = {isa = PBXBuildFile; fileRef = 118320AB0E31545F0037B9B4 /* vehicleController.cpp */; };
		118321130E328D710037B9B4 /* physics.cpp in Sources */ = {isa = PBXBuildFile; fileRef = 118321120E328D710037B9B4 /* physics.cpp */; };
		118F3E620E35A01E00ECCDFE /* enemyManager.cpp in Sources */ = {isa = PBXBuildFile; fileRef = 118F3E5B0E35A01E00ECCDFE /* enemyManager.cpp */; };
		118F3E630E35A01E00ECCDFE /* sideShooterEnemy.cpp in Sources */ = {isa = PBXBuildFile; fileRef = 118F3E5D0E35A01E00ECCDFE /* sideShooterEnemy.cpp */; };
		118F3E640E35A01E00ECCDFE /* trebuchetEnemy.cpp in Sources */ = {isa = PBXBuildFile; fileRef = 118F3E5F0E35A01E00ECCDFE /* trebuchetEnemy.cpp */; };
		118F3FFF0E36B87C00ECCDFE /* flamethrowerWeapon.cpp in Sources */ = {isa = PBXBuildFile; fileRef = 118F3FFE0E36B87C00ECCDFE /* flamethrowerWeapon.cpp */; };
		11B684EE0E5236D000BB0872 /* minimap.cpp in Sources */ = {isa = PBXBuildFile; fileRef = 11B684ED0E5236D000BB0872 /* minimap.cpp */; };
		11B6858B0E53B9CA00BB0872 /* enemyLoader.cpp in Sources */ = {isa = PBXBuildFile; fileRef = 11B685890E53B9CA00BB0872 /* enemyLoader.cpp */; };
		11C3F42E0E2F0F3A00EE8D28 /* player.cpp in Sources */ = {isa = PBXBuildFile; fileRef = 11C3F42D0E2F0F3A00EE8D28 /* player.cpp */; };
		11C874530E4028B9008B701A /* weapon.cpp in Sources */ = {isa = PBXBuildFile; fileRef = 11C874520E4028B9008B701A /* weapon.cpp */; };
		11C8750E0E40E6B4008B701A /* lightningWeapon.cpp in Sources */ = {isa = PBXBuildFile; fileRef = 11C8750D0E40E6B4008B701A /* lightningWeapon.cpp */; };
		11C875140E40E7B2008B701A /* weaponSelector.cpp in Sources */ = {isa = PBXBuildFile; fileRef = 11C875130E40E7B2008B701A /* weaponSelector.cpp */; };
		11EEB7220DEBC73F009F3B13 /* camera.cpp in Sources */ = {isa = PBXBuildFile; fileRef = 11EEB70B0DEBC73F009F3B13 /* camera.cpp */; };
		11EEB7230DEBC73F009F3B13 /* drawImage.cpp in Sources */ = {isa = PBXBuildFile; fileRef = 11EEB70E0DEBC73F009F3B13 /* drawImage.cpp */; };
		11EEB7250DEBC73F009F3B13 /* game.cpp in Sources */ = {isa = PBXBuildFile; fileRef = 11EEB7110DEBC73F009F3B13 /* game.cpp */; };
		11EEB72A0DEBC73F009F3B13 /* world.cpp in Sources */ = {isa = PBXBuildFile; fileRef = 11EEB71F0DEBC73F009F3B13 /* world.cpp */; };
		11EFFC750E563C3E003B2DB3 /* data in Resources */ = {isa = PBXBuildFile; fileRef = 11EFFBA20E563C3E003B2DB3 /* data */; };
		11F1374A0DF34A7F00651323 /* imageLibrary.cpp in Sources */ = {isa = PBXBuildFile; fileRef = 11F137490DF34A7F00651323 /* imageLibrary.cpp */; };
		1D3623EC0D0F72F000981E51 /* CoreGraphics.framework in Frameworks */ = {isa = PBXBuildFile; fileRef = 1D3623EB0D0F72F000981E51 /* CoreGraphics.framework */; };
		1D60589F0D05DD5A006BFB54 /* Foundation.framework in Frameworks */ = {isa = PBXBuildFile; fileRef = 1D30AB110D05D00D00671497 /* Foundation.framework */; };
		1DF5F4E00D08C38300B7A737 /* UIKit.framework in Frameworks */ = {isa = PBXBuildFile; fileRef = 1DF5F4DF0D08C38300B7A737 /* UIKit.framework */; };
		28FD15000DC6FC520079059D /* OpenGLES.framework in Frameworks */ = {isa = PBXBuildFile; fileRef = 28FD14FF0DC6FC520079059D /* OpenGLES.framework */; };
		28FD15080DC6FC5B0079059D /* QuartzCore.framework in Frameworks */ = {isa = PBXBuildFile; fileRef = 28FD15070DC6FC5B0079059D /* QuartzCore.framework */; };
/* End PBXBuildFile section */

/* Begin PBXFileReference section */
		1121D1350E2F0BA2008C8598 /* builder.cpp */ = {isa = PBXFileReference; fileEncoding = 4; lastKnownFileType = sourcecode.cpp.cpp; path = builder.cpp; sourceTree = "<group>"; };
		1121D1360E2F0BA2008C8598 /* builder.h */ = {isa = PBXFileReference; fileEncoding = 4; lastKnownFileType = sourcecode.c.h; path = builder.h; sourceTree = "<group>"; };
		112388390E59FCB20051B761 /* Entitlements.plist */ = {isa = PBXFileReference; fileEncoding = 4; lastKnownFileType = text.plist.xml; name = Entitlements.plist; path = Source/iPhone/Entitlements.plist; sourceTree = "<group>"; };
		112A588A0E303B5800A3C218 /* imageEntity.cpp */ = {isa = PBXFileReference; fileEncoding = 4; lastKnownFileType = sourcecode.cpp.cpp; path = imageEntity.cpp; sourceTree = "<group>"; };
		112A588B0E303B5800A3C218 /* imageEntity.h */ = {isa = PBXFileReference; fileEncoding = 4; lastKnownFileType = sourcecode.c.h; path = imageEntity.h; sourceTree = "<group>"; };
		112A588E0E303B7600A3C218 /* targetRingWidget.cpp */ = {isa = PBXFileReference; fileEncoding = 4; lastKnownFileType = sourcecode.cpp.cpp; path = targetRingWidget.cpp; sourceTree = "<group>"; };
		112A58910E303B9500A3C218 /* targetRingWidget.h */ = {isa = PBXFileReference; fileEncoding = 4; lastKnownFileType = sourcecode.c.h; path = targetRingWidget.h; sourceTree = "<group>"; };
		112A59F90E3056BC00A3C218 /* particleSystem.h */ = {isa = PBXFileReference; fileEncoding = 4; lastKnownFileType = sourcecode.c.h; path = particleSystem.h; sourceTree = "<group>"; };
		112A59FA0E3056BC00A3C218 /* particleSystem.cpp */ = {isa = PBXFileReference; fileEncoding = 4; lastKnownFileType = sourcecode.cpp.cpp; path = particleSystem.cpp; sourceTree = "<group>"; };
		113811480E2FEBDF00E9FF5F /* view.h */ = {isa = PBXFileReference; fileEncoding = 4; lastKnownFileType = sourcecode.c.h; path = view.h; sourceTree = "<group>"; };
		113811490E2FEBDF00E9FF5F /* view.cpp */ = {isa = PBXFileReference; fileEncoding = 4; lastKnownFileType = sourcecode.cpp.cpp; path = view.cpp; sourceTree = "<group>"; };
		113B2C2B0DF65EB20095A737 /* map.h */ = {isa = PBXFileReference; fileEncoding = 4; lastKnownFileType = sourcecode.c.h; path = map.h; sourceTree = "<group>"; };
		113B2C2C0DF65EB20095A737 /* map.cpp */ = {isa = PBXFileReference; fileEncoding = 4; lastKnownFileType = sourcecode.cpp.cpp; path = map.cpp; sourceTree = "<group>"; };
		113E76960E4A6FE3005A8070 /* levelLoader.cpp */ = {isa = PBXFileReference; fileEncoding = 4; lastKnownFileType = sourcecode.cpp.cpp; path = levelLoader.cpp; sourceTree = "<group>"; };
		113E76970E4A6FE3005A8070 /* levelLoader.h */ = {isa = PBXFileReference; fileEncoding = 4; lastKnownFileType = sourcecode.c.h; path = levelLoader.h; sourceTree = "<group>"; };
		113E76980E4A6FE3005A8070 /* mainScreenView.cpp */ = {isa = PBXFileReference; fileEncoding = 4; lastKnownFileType = sourcecode.cpp.cpp; path = mainScreenView.cpp; sourceTree = "<group>"; };
		113E76990E4A6FE3005A8070 /* mainScreenView.h */ = {isa = PBXFileReference; fileEncoding = 4; lastKnownFileType = sourcecode.c.h; path = mainScreenView.h; sourceTree = "<group>"; };
		113E76BA0E4BA9A7005A8070 /* flameTankEnemy.cpp */ = {isa = PBXFileReference; fileEncoding = 4; lastKnownFileType = sourcecode.cpp.cpp; path = flameTankEnemy.cpp; sourceTree = "<group>"; };
		113E76BB0E4BA9A7005A8070 /* flameTankEnemy.h */ = {isa = PBXFileReference; fileEncoding = 4; lastKnownFileType = sourcecode.c.h; path = flameTankEnemy.h; sourceTree = "<group>"; };
		115E19850DEBA14E00BD1F3A /* appDelegate.h */ = {isa = PBXFileReference; fileEncoding = 4; lastKnownFileType = sourcecode.c.h; path = appDelegate.h; sourceTree = "<group>"; };
		115E19860DEBA14E00BD1F3A /* appDelegate.mm */ = {isa = PBXFileReference; fileEncoding = 4; lastKnownFileType = sourcecode.cpp.objcpp; path = appDelegate.mm; sourceTree = "<group>"; };
		115E19990DEBA2A100BD1F3A /* mainView.h */ = {isa = PBXFileReference; fileEncoding = 4; lastKnownFileType = sourcecode.c.h; path = mainView.h; sourceTree = "<group>"; };
		115E199A0DEBA2A100BD1F3A /* mainView.mm */ = {isa = PBXFileReference; fileEncoding = 4; lastKnownFileType = sourcecode.cpp.objcpp; path = mainView.mm; sourceTree = "<group>"; };
		115E1A390DEBAE8D00BD1F3A /* iPhone.mm */ = {isa = PBXFileReference; fileEncoding = 4; lastKnownFileType = sourcecode.cpp.objcpp; path = iPhone.mm; sourceTree = "<group>"; };
		118320AA0E31545F0037B9B4 /* vehicleController.h */ = {isa = PBXFileReference; fileEncoding = 4; lastKnownFileType = sourcecode.c.h; path = vehicleController.h; sourceTree = "<group>"; };
		118320AB0E31545F0037B9B4 /* vehicleController.cpp */ = {isa = PBXFileReference; fileEncoding = 4; lastKnownFileType = sourcecode.cpp.cpp; path = vehicleController.cpp; sourceTree = "<group>"; };
		118321110E328D710037B9B4 /* physics.h */ = {isa = PBXFileReference; fileEncoding = 4; lastKnownFileType = sourcecode.c.h; path = physics.h; sourceTree = "<group>"; };
		118321120E328D710037B9B4 /* physics.cpp */ = {isa = PBXFileReference; fileEncoding = 4; lastKnownFileType = sourcecode.cpp.cpp; path = physics.cpp; sourceTree = "<group>"; };
		118F3E5B0E35A01E00ECCDFE /* enemyManager.cpp */ = {isa = PBXFileReference; fileEncoding = 4; lastKnownFileType = sourcecode.cpp.cpp; path = enemyManager.cpp; sourceTree = "<group>"; };
		118F3E5C0E35A01E00ECCDFE /* enemyManager.h */ = {isa = PBXFileReference; fileEncoding = 4; lastKnownFileType = sourcecode.c.h; path = enemyManager.h; sourceTree = "<group>"; };
		118F3E5D0E35A01E00ECCDFE /* sideShooterEnemy.cpp */ = {isa = PBXFileReference; fileEncoding = 4; lastKnownFileType = sourcecode.cpp.cpp; path = sideShooterEnemy.cpp; sourceTree = "<group>"; };
		118F3E5E0E35A01E00ECCDFE /* sideShooterEnemy.h */ = {isa = PBXFileReference; fileEncoding = 4; lastKnownFileType = sourcecode.c.h; path = sideShooterEnemy.h; sourceTree = "<group>"; };
		118F3E5F0E35A01E00ECCDFE /* trebuchetEnemy.cpp */ = {isa = PBXFileReference; fileEncoding = 4; lastKnownFileType = sourcecode.cpp.cpp; path = trebuchetEnemy.cpp; sourceTree = "<group>"; };
		118F3E600E35A01E00ECCDFE /* trebuchetEnemy.h */ = {isa = PBXFileReference; fileEncoding = 4; lastKnownFileType = sourcecode.c.h; path = trebuchetEnemy.h; sourceTree = "<group>"; };
		118F3FFD0E36B87C00ECCDFE /* flamethrowerWeapon.h */ = {isa = PBXFileReference; fileEncoding = 4; lastKnownFileType = sourcecode.c.h; path = flamethrowerWeapon.h; sourceTree = "<group>"; };
		118F3FFE0E36B87C00ECCDFE /* flamethrowerWeapon.cpp */ = {isa = PBXFileReference; fileEncoding = 4; lastKnownFileType = sourcecode.cpp.cpp; path = flamethrowerWeapon.cpp; sourceTree = "<group>"; };
		11B684EC0E5236D000BB0872 /* minimap.h */ = {isa = PBXFileReference; fileEncoding = 4; lastKnownFileType = sourcecode.c.h; path = minimap.h; sourceTree = "<group>"; };
		11B684ED0E5236D000BB0872 /* minimap.cpp */ = {isa = PBXFileReference; fileEncoding = 4; lastKnownFileType = sourcecode.cpp.cpp; path = minimap.cpp; sourceTree = "<group>"; };
		11B685890E53B9CA00BB0872 /* enemyLoader.cpp */ = {isa = PBXFileReference; fileEncoding = 4; lastKnownFileType = sourcecode.cpp.cpp; path = enemyLoader.cpp; sourceTree = "<group>"; };
		11B6858A0E53B9CA00BB0872 /* enemyLoader.h */ = {isa = PBXFileReference; fileEncoding = 4; lastKnownFileType = sourcecode.c.h; path = enemyLoader.h; sourceTree = "<group>"; };
		11C3F42D0E2F0F3A00EE8D28 /* player.cpp */ = {isa = PBXFileReference; fileEncoding = 4; lastKnownFileType = sourcecode.cpp.cpp; path = player.cpp; sourceTree = "<group>"; };
		11C3F42F0E2F0F7E00EE8D28 /* player.h */ = {isa = PBXFileReference; fileEncoding = 4; lastKnownFileType = sourcecode.c.h; path = player.h; sourceTree = "<group>"; };
		11C874510E4028B9008B701A /* weapon.h */ = {isa = PBXFileReference; fileEncoding = 4; lastKnownFileType = sourcecode.c.h; path = weapon.h; sourceTree = "<group>"; };
		11C874520E4028B9008B701A /* weapon.cpp */ = {isa = PBXFileReference; fileEncoding = 4; lastKnownFileType = sourcecode.cpp.cpp; path = weapon.cpp; sourceTree = "<group>"; };
		11C8750C0E40E6B4008B701A /* lightningWeapon.h */ = {isa = PBXFileReference; fileEncoding = 4; lastKnownFileType = sourcecode.c.h; path = lightningWeapon.h; sourceTree = "<group>"; };
		11C8750D0E40E6B4008B701A /* lightningWeapon.cpp */ = {isa = PBXFileReference; fileEncoding = 4; lastKnownFileType = sourcecode.cpp.cpp; path = lightningWeapon.cpp; sourceTree = "<group>"; };
		11C875120E40E7B2008B701A /* weaponSelector.h */ = {isa = PBXFileReference; fileEncoding = 4; lastKnownFileType = sourcecode.c.h; path = weaponSelector.h; sourceTree = "<group>"; };
		11C875130E40E7B2008B701A /* weaponSelector.cpp */ = {isa = PBXFileReference; fileEncoding = 4; lastKnownFileType = sourcecode.cpp.cpp; path = weaponSelector.cpp; sourceTree = "<group>"; };
		11D631F00DEB9E6400CA2A0A /* header.pch */ = {isa = PBXFileReference; fileEncoding = 4; lastKnownFileType = sourcecode.c.h; path = header.pch; sourceTree = "<group>"; };
		11EEB70B0DEBC73F009F3B13 /* camera.cpp */ = {isa = PBXFileReference; fileEncoding = 4; lastKnownFileType = sourcecode.cpp.cpp; path = camera.cpp; sourceTree = "<group>"; };
		11EEB70C0DEBC73F009F3B13 /* camera.h */ = {isa = PBXFileReference; fileEncoding = 4; lastKnownFileType = sourcecode.c.h; path = camera.h; sourceTree = "<group>"; };
		11EEB70E0DEBC73F009F3B13 /* drawImage.cpp */ = {isa = PBXFileReference; fileEncoding = 4; lastKnownFileType = sourcecode.cpp.cpp; path = drawImage.cpp; sourceTree = "<group>"; };
		11EEB7110DEBC73F009F3B13 /* game.cpp */ = {isa = PBXFileReference; fileEncoding = 4; lastKnownFileType = sourcecode.cpp.cpp; path = game.cpp; sourceTree = "<group>"; };
		11EEB7120DEBC73F009F3B13 /* game.h */ = {isa = PBXFileReference; fileEncoding = 4; lastKnownFileType = sourcecode.c.h; path = game.h; sourceTree = "<group>"; };
		11EEB7130DEBC73F009F3B13 /* drawImage.h */ = {isa = PBXFileReference; fileEncoding = 4; lastKnownFileType = sourcecode.c.h; path = drawImage.h; sourceTree = "<group>"; };
		11EEB7160DEBC73F009F3B13 /* pammo.h */ = {isa = PBXFileReference; fileEncoding = 4; lastKnownFileType = sourcecode.c.h; path = pammo.h; sourceTree = "<group>"; };
		11EEB7190DEBC73F009F3B13 /* transform2.h */ = {isa = PBXFileReference; fileEncoding = 4; lastKnownFileType = sourcecode.c.h; path = transform2.h; sourceTree = "<group>"; };
		11EEB71A0DEBC73F009F3B13 /* vector2.h */ = {isa = PBXFileReference; fileEncoding = 4; lastKnownFileType = sourcecode.c.h; path = vector2.h; sourceTree = "<group>"; };
		11EEB71F0DEBC73F009F3B13 /* world.cpp */ = {isa = PBXFileReference; fileEncoding = 4; lastKnownFileType = sourcecode.cpp.cpp; path = world.cpp; sourceTree = "<group>"; };
		11EEB7200DEBC73F009F3B13 /* world.h */ = {isa = PBXFileReference; fileEncoding = 4; lastKnownFileType = sourcecode.c.h; path = world.h; sourceTree = "<group>"; };
		11EEB7380DEBC769009F3B13 /* platform.h */ = {isa = PBXFileReference; fileEncoding = 4; lastKnownFileType = sourcecode.c.h; path = platform.h; sourceTree = "<group>"; };
		11EFFBA20E563C3E003B2DB3 /* data */ = {isa = PBXFileReference; lastKnownFileType = folder; name = data; path = ../data; sourceTree = SOURCE_ROOT; };
		11F137480DF34A7F00651323 /* imageLibrary.h */ = {isa = PBXFileReference; fileEncoding = 4; lastKnownFileType = sourcecode.c.h; path = imageLibrary.h; sourceTree = "<group>"; };
		11F137490DF34A7F00651323 /* imageLibrary.cpp */ = {isa = PBXFileReference; fileEncoding = 4; lastKnownFileType = sourcecode.cpp.cpp; path = imageLibrary.cpp; sourceTree = "<group>"; };
		1D30AB110D05D00D00671497 /* Foundation.framework */ = {isa = PBXFileReference; lastKnownFileType = wrapper.framework; name = Foundation.framework; path = System/Library/Frameworks/Foundation.framework; sourceTree = SDKROOT; };
		1D3623EB0D0F72F000981E51 /* CoreGraphics.framework */ = {isa = PBXFileReference; lastKnownFileType = wrapper.framework; name = CoreGraphics.framework; path = System/Library/Frameworks/CoreGraphics.framework; sourceTree = SDKROOT; };
		1D6058910D05DD3D006BFB54 /* Irradiated.app */ = {isa = PBXFileReference; explicitFileType = wrapper.application; includeInIndex = 0; path = Irradiated.app; sourceTree = BUILT_PRODUCTS_DIR; };
		1DF5F4DF0D08C38300B7A737 /* UIKit.framework */ = {isa = PBXFileReference; lastKnownFileType = wrapper.framework; name = UIKit.framework; path = System/Library/Frameworks/UIKit.framework; sourceTree = SDKROOT; };
		28FD14FF0DC6FC520079059D /* OpenGLES.framework */ = {isa = PBXFileReference; lastKnownFileType = wrapper.framework; name = OpenGLES.framework; path = System/Library/Frameworks/OpenGLES.framework; sourceTree = SDKROOT; };
		28FD15070DC6FC5B0079059D /* QuartzCore.framework */ = {isa = PBXFileReference; lastKnownFileType = wrapper.framework; name = QuartzCore.framework; path = System/Library/Frameworks/QuartzCore.framework; sourceTree = SDKROOT; };
		8D1107310486CEB800E47090 /* Info.plist */ = {isa = PBXFileReference; fileEncoding = 4; lastKnownFileType = text.plist.xml; name = Info.plist; path = Source/iPhone/Info.plist; sourceTree = "<group>"; };
/* End PBXFileReference section */

/* Begin PBXFrameworksBuildPhase section */
		1D60588F0D05DD3D006BFB54 /* Frameworks */ = {
			isa = PBXFrameworksBuildPhase;
			buildActionMask = 2147483647;
			files = (
				1D60589F0D05DD5A006BFB54 /* Foundation.framework in Frameworks */,
				1DF5F4E00D08C38300B7A737 /* UIKit.framework in Frameworks */,
				1D3623EC0D0F72F000981E51 /* CoreGraphics.framework in Frameworks */,
				28FD15000DC6FC520079059D /* OpenGLES.framework in Frameworks */,
				28FD15080DC6FC5B0079059D /* QuartzCore.framework in Frameworks */,
			);
			runOnlyForDeploymentPostprocessing = 0;
		};
/* End PBXFrameworksBuildPhase section */

/* Begin PBXGroup section */
		080E96DDFE201D6D7F000001 /* iPhone */ = {
			isa = PBXGroup;
			children = (
				115E19850DEBA14E00BD1F3A /* appDelegate.h */,
				115E19860DEBA14E00BD1F3A /* appDelegate.mm */,
				11D631F00DEB9E6400CA2A0A /* header.pch */,
				115E19990DEBA2A100BD1F3A /* mainView.h */,
				115E199A0DEBA2A100BD1F3A /* mainView.mm */,
				115E1A390DEBAE8D00BD1F3A /* iPhone.mm */,
				11EEB7380DEBC769009F3B13 /* platform.h */,
			);
			name = iPhone;
			path = Source/iPhone;
			sourceTree = "<group>";
		};
		11C875090E40E641008B701A /* Weapon Subsystem */ = {
			isa = PBXGroup;
			children = (
				118F3FFE0E36B87C00ECCDFE /* flamethrowerWeapon.cpp */,
				118F3FFD0E36B87C00ECCDFE /* flamethrowerWeapon.h */,
				11C8750D0E40E6B4008B701A /* lightningWeapon.cpp */,
				11C8750C0E40E6B4008B701A /* lightningWeapon.h */,
				11C874520E4028B9008B701A /* weapon.cpp */,
				11C874510E4028B9008B701A /* weapon.h */,
				11C875130E40E7B2008B701A /* weaponSelector.cpp */,
				11C875120E40E7B2008B701A /* weaponSelector.h */,
			);
			name = "Weapon Subsystem";
			sourceTree = "<group>";
		};
		11C8750A0E40E652008B701A /* Player Subsystem */ = {
			isa = PBXGroup;
			children = (
				11C3F42D0E2F0F3A00EE8D28 /* player.cpp */,
				11C3F42F0E2F0F7E00EE8D28 /* player.h */,
				112A588E0E303B7600A3C218 /* targetRingWidget.cpp */,
				112A58910E303B9500A3C218 /* targetRingWidget.h */,
				11C875090E40E641008B701A /* Weapon Subsystem */,
			);
			name = "Player Subsystem";
			sourceTree = "<group>";
		};
		11C8750B0E40E677008B701A /* Enemy Subsystem */ = {
			isa = PBXGroup;
			children = (
				11B685890E53B9CA00BB0872 /* enemyLoader.cpp */,
				11B6858A0E53B9CA00BB0872 /* enemyLoader.h */,
				118F3E5B0E35A01E00ECCDFE /* enemyManager.cpp */,
				118F3E5C0E35A01E00ECCDFE /* enemyManager.h */,
				113E76BA0E4BA9A7005A8070 /* flameTankEnemy.cpp */,
				113E76BB0E4BA9A7005A8070 /* flameTankEnemy.h */,
				11B684ED0E5236D000BB0872 /* minimap.cpp */,
				11B684EC0E5236D000BB0872 /* minimap.h */,
				118F3E5D0E35A01E00ECCDFE /* sideShooterEnemy.cpp */,
				118F3E5E0E35A01E00ECCDFE /* sideShooterEnemy.h */,
				118F3E5F0E35A01E00ECCDFE /* trebuchetEnemy.cpp */,
				118F3E600E35A01E00ECCDFE /* trebuchetEnemy.h */,
			);
			name = "Enemy Subsystem";
			sourceTree = "<group>";
		};
		11C8750F0E40E767008B701A /* Physics Subsystem */ = {
			isa = PBXGroup;
			children = (
				118321120E328D710037B9B4 /* physics.cpp */,
				118321110E328D710037B9B4 /* physics.h */,
				118320AB0E31545F0037B9B4 /* vehicleController.cpp */,
				118320AA0E31545F0037B9B4 /* vehicleController.h */,
			);
			name = "Physics Subsystem";
			sourceTree = "<group>";
		};
		11C875100E40E772008B701A /* Particle Subsystem */ = {
			isa = PBXGroup;
			children = (
				112A59FA0E3056BC00A3C218 /* particleSystem.cpp */,
				112A59F90E3056BC00A3C218 /* particleSystem.h */,
			);
			name = "Particle Subsystem";
			sourceTree = "<group>";
		};
		11C875110E40E78E008B701A /* Core Infastructure */ = {
			isa = PBXGroup;
			children = (
				1121D1350E2F0BA2008C8598 /* builder.cpp */,
				1121D1360E2F0BA2008C8598 /* builder.h */,
				11EEB70B0DEBC73F009F3B13 /* camera.cpp */,
				11EEB70C0DEBC73F009F3B13 /* camera.h */,
				11EEB7110DEBC73F009F3B13 /* game.cpp */,
				11EEB7120DEBC73F009F3B13 /* game.h */,
				112A588A0E303B5800A3C218 /* imageEntity.cpp */,
				112A588B0E303B5800A3C218 /* imageEntity.h */,
				11F137490DF34A7F00651323 /* imageLibrary.cpp */,
				11F137480DF34A7F00651323 /* imageLibrary.h */,
				113E76960E4A6FE3005A8070 /* levelLoader.cpp */,
				113E76970E4A6FE3005A8070 /* levelLoader.h */,
				113E76980E4A6FE3005A8070 /* mainScreenView.cpp */,
				113E76990E4A6FE3005A8070 /* mainScreenView.h */,
				113B2C2C0DF65EB20095A737 /* map.cpp */,
				113B2C2B0DF65EB20095A737 /* map.h */,
				11EEB7160DEBC73F009F3B13 /* pammo.h */,
				11EEB7190DEBC73F009F3B13 /* transform2.h */,
				11EEB71A0DEBC73F009F3B13 /* vector2.h */,
				113811490E2FEBDF00E9FF5F /* view.cpp */,
				113811480E2FEBDF00E9FF5F /* view.h */,
				11EEB71F0DEBC73F009F3B13 /* world.cpp */,
				11EEB7200DEBC73F009F3B13 /* world.h */,
			);
			name = "Core Infastructure";
			sourceTree = "<group>";
		};
		11EEB7080DEBC73F009F3B13 /* Engine2 */ = {
			isa = PBXGroup;
			children = (
				11EEB70E0DEBC73F009F3B13 /* drawImage.cpp */,
				11EEB7130DEBC73F009F3B13 /* drawImage.h */,
				11C875110E40E78E008B701A /* Core Infastructure */,
				11C8750B0E40E677008B701A /* Enemy Subsystem */,
				11C8750A0E40E652008B701A /* Player Subsystem */,
				11C875100E40E772008B701A /* Particle Subsystem */,
				11C8750F0E40E767008B701A /* Physics Subsystem */,
			);
			name = Engine2;
			path = Source/Engine2;
			sourceTree = "<group>";
		};
		19C28FACFE9D520D11CA2CBB /* Products */ = {
			isa = PBXGroup;
			children = (
				1D6058910D05DD3D006BFB54 /* Irradiated.app */,
			);
			name = Products;
			sourceTree = "<group>";
		};
		29B97314FDCFA39411CA2CEA /* CustomTemplate */ = {
			isa = PBXGroup;
			children = (
				11EFFBA20E563C3E003B2DB3 /* data */,
				11EEB7080DEBC73F009F3B13 /* Engine2 */,
				080E96DDFE201D6D7F000001 /* iPhone */,
				29B97317FDCFA39411CA2CEA /* Resources */,
				29B97323FDCFA39411CA2CEA /* Frameworks */,
				19C28FACFE9D520D11CA2CBB /* Products */,
			);
			name = CustomTemplate;
			sourceTree = "<group>";
		};
		29B97317FDCFA39411CA2CEA /* Resources */ = {
			isa = PBXGroup;
			children = (
				8D1107310486CEB800E47090 /* Info.plist */,
				112388390E59FCB20051B761 /* Entitlements.plist */,
			);
			name = Resources;
			sourceTree = "<group>";
		};
		29B97323FDCFA39411CA2CEA /* Frameworks */ = {
			isa = PBXGroup;
			children = (
				28FD15070DC6FC5B0079059D /* QuartzCore.framework */,
				28FD14FF0DC6FC520079059D /* OpenGLES.framework */,
				1D3623EB0D0F72F000981E51 /* CoreGraphics.framework */,
				1DF5F4DF0D08C38300B7A737 /* UIKit.framework */,
				1D30AB110D05D00D00671497 /* Foundation.framework */,
			);
			name = Frameworks;
			sourceTree = "<group>";
		};
/* End PBXGroup section */

/* Begin PBXNativeTarget section */
		1D6058900D05DD3D006BFB54 /* Irradiated */ = {
			isa = PBXNativeTarget;
			buildConfigurationList = 1D6058960D05DD3E006BFB54 /* Build configuration list for PBXNativeTarget "Irradiated" */;
			buildPhases = (
				1D60588D0D05DD3D006BFB54 /* Resources */,
				1D60588E0D05DD3D006BFB54 /* Sources */,
				1D60588F0D05DD3D006BFB54 /* Frameworks */,
			);
			buildRules = (
			);
			dependencies = (
			);
			name = Irradiated;
			productName = pammo;
			productReference = 1D6058910D05DD3D006BFB54 /* Irradiated.app */;
			productType = "com.apple.product-type.application";
		};
/* End PBXNativeTarget section */

/* Begin PBXProject section */
		29B97313FDCFA39411CA2CEA /* Project object */ = {
			isa = PBXProject;
			buildConfigurationList = C01FCF4E08A954540054247B /* Build configuration list for PBXProject "pammo" */;
			compatibilityVersion = "Xcode 3.1";
			hasScannedForEncodings = 1;
			mainGroup = 29B97314FDCFA39411CA2CEA /* CustomTemplate */;
			projectDirPath = "";
			projectRoot = "";
			targets = (
				1D6058900D05DD3D006BFB54 /* Irradiated */,
			);
		};
/* End PBXProject section */

/* Begin PBXResourcesBuildPhase section */
		1D60588D0D05DD3D006BFB54 /* Resources */ = {
			isa = PBXResourcesBuildPhase;
			buildActionMask = 2147483647;
			files = (
				11EFFC750E563C3E003B2DB3 /* data in Resources */,
				1123883A0E59FCB20051B761 /* Entitlements.plist in Resources */,
			);
			runOnlyForDeploymentPostprocessing = 0;
		};
/* End PBXResourcesBuildPhase section */

/* Begin PBXSourcesBuildPhase section */
		1D60588E0D05DD3D006BFB54 /* Sources */ = {
			isa = PBXSourcesBuildPhase;
			buildActionMask = 2147483647;
			files = (
				115E19870DEBA14E00BD1F3A /* appDelegate.mm in Sources */,
				115E199E0DEBA2A100BD1F3A /* mainView.mm in Sources */,
				115E1A3A0DEBAE8D00BD1F3A /* iPhone.mm in Sources */,
				11EEB7220DEBC73F009F3B13 /* camera.cpp in Sources */,
				11EEB7230DEBC73F009F3B13 /* drawImage.cpp in Sources */,
				11EEB7250DEBC73F009F3B13 /* game.cpp in Sources */,
				11EEB72A0DEBC73F009F3B13 /* world.cpp in Sources */,
				11F1374A0DF34A7F00651323 /* imageLibrary.cpp in Sources */,
				113B2C2D0DF65EB20095A737 /* map.cpp in Sources */,
				1121D1370E2F0BA2008C8598 /* builder.cpp in Sources */,
				11C3F42E0E2F0F3A00EE8D28 /* player.cpp in Sources */,
				1138114A0E2FEBDF00E9FF5F /* view.cpp in Sources */,
				112A588D0E303B5800A3C218 /* imageEntity.cpp in Sources */,
				112A588F0E303B7600A3C218 /* targetRingWidget.cpp in Sources */,
				112A59FB0E3056BC00A3C218 /* particleSystem.cpp in Sources */,
				118320AC0E31545F0037B9B4 /* vehicleController.cpp in Sources */,
				118321130E328D710037B9B4 /* physics.cpp in Sources */,
				118F3E620E35A01E00ECCDFE /* enemyManager.cpp in Sources */,
				118F3E630E35A01E00ECCDFE /* sideShooterEnemy.cpp in Sources */,
				118F3E640E35A01E00ECCDFE /* trebuchetEnemy.cpp in Sources */,
				118F3FFF0E36B87C00ECCDFE /* flamethrowerWeapon.cpp in Sources */,
				11C874530E4028B9008B701A /* weapon.cpp in Sources */,
				11C8750E0E40E6B4008B701A /* lightningWeapon.cpp in Sources */,
				11C875140E40E7B2008B701A /* weaponSelector.cpp in Sources */,
				113E769A0E4A6FE3005A8070 /* levelLoader.cpp in Sources */,
				113E769B0E4A6FE3005A8070 /* mainScreenView.cpp in Sources */,
				113E76BC0E4BA9A7005A8070 /* flameTankEnemy.cpp in Sources */,
				11B684EE0E5236D000BB0872 /* minimap.cpp in Sources */,
				11B6858B0E53B9CA00BB0872 /* enemyLoader.cpp in Sources */,
			);
			runOnlyForDeploymentPostprocessing = 0;
		};
/* End PBXSourcesBuildPhase section */

/* Begin XCBuildConfiguration section */
		11EBD6CB0E57798C000D5705 /* Distribution */ = {
			isa = XCBuildConfiguration;
			buildSettings = {
				ARCHS = "$(ARCHS_STANDARD_32_BIT)";
				CODE_SIGN_ENTITLEMENTS = Source/iPhone/Entitlements.plist;
				"CODE_SIGN_IDENTITY[sdk=iphoneos*]" = "iPhone Distribution";
				GCC_C_LANGUAGE_STANDARD = c99;
				GCC_PRECOMPILE_PREFIX_HEADER = YES;
				GCC_PREFIX_HEADER = Source/iPhone/header.pch;
				GCC_WARN_ABOUT_RETURN_TYPE = YES;
				GCC_WARN_UNUSED_VARIABLE = YES;
				HEADER_SEARCH_PATHS = Source/Engine2/iPhone;
				INFOPLIST_FILE = Source/iPhone/Info.plist;
				PREBINDING = NO;
				PRODUCT_NAME = Irradiated;
				SDKROOT = iphoneos2.0;
			};
			name = Distribution;
		};
		11EBD6CC0E57798C000D5705 /* Distribution */ = {
			isa = XCBuildConfiguration;
			buildSettings = {
			};
			name = Distribution;
		};
		1D6058940D05DD3E006BFB54 /* Debug */ = {
			isa = XCBuildConfiguration;
			buildSettings = {
			};
			name = Debug;
		};
		1D6058950D05DD3E006BFB54 /* Release */ = {
			isa = XCBuildConfiguration;
			buildSettings = {
			};
			name = Release;
		};
		C01FCF4F08A954540054247B /* Debug */ = {
			isa = XCBuildConfiguration;
			buildSettings = {
				ARCHS = "$(ARCHS_STANDARD_32_BIT)";
				"CODE_SIGN_IDENTITY[sdk=iphoneos*]" = "iPhone Developer";
				GCC_C_LANGUAGE_STANDARD = c99;
				GCC_OPTIMIZATION_LEVEL = 0;
				GCC_PRECOMPILE_PREFIX_HEADER = YES;
				GCC_PREFIX_HEADER = Source/iPhone/header.pch;
				GCC_WARN_ABOUT_RETURN_TYPE = YES;
				GCC_WARN_UNUSED_VARIABLE = YES;
				HEADER_SEARCH_PATHS = Source/Engine2/iPhone;
				INFOPLIST_FILE = Source/iPhone/Info.plist;
				ONLY_ACTIVE_ARCH = YES;
				PREBINDING = NO;
				PRODUCT_NAME = Irradiated;
				SDKROOT = iphoneos2.0;
			};
			name = Debug;
		};
		C01FCF5008A954540054247B /* Release */ = {
			isa = XCBuildConfiguration;
			buildSettings = {
				ARCHS = "$(ARCHS_STANDARD_32_BIT)";
				"CODE_SIGN_IDENTITY[sdk=iphoneos*]" = "iPhone Developer";
				GCC_C_LANGUAGE_STANDARD = c99;
				GCC_PRECOMPILE_PREFIX_HEADER = YES;
				GCC_PREFIX_HEADER = Source/iPhone/header.pch;
				GCC_WARN_ABOUT_RETURN_TYPE = YES;
				GCC_WARN_UNUSED_VARIABLE = YES;
				HEADER_SEARCH_PATHS = Source/Engine2/iPhone;
				INFOPLIST_FILE = Source/iPhone/Info.plist;
				PREBINDING = NO;
				PRODUCT_NAME = Irradiated;
				SDKROOT = iphoneos2.0;
			};
			name = Release;
		};
/* End XCBuildConfiguration section */

/* Begin XCConfigurationList section */
		1D6058960D05DD3E006BFB54 /* Build configuration list for PBXNativeTarget "Irradiated" */ = {
			isa = XCConfigurationList;
			buildConfigurations = (
				1D6058940D05DD3E006BFB54 /* Debug */,
				1D6058950D05DD3E006BFB54 /* Release */,
				11EBD6CC0E57798C000D5705 /* Distribution */,
			);
			defaultConfigurationIsVisible = 0;
			defaultConfigurationName = Release;
		};
		C01FCF4E08A954540054247B /* Build configuration list for PBXProject "pammo" */ = {
			isa = XCConfigurationList;
			buildConfigurations = (
				C01FCF4F08A954540054247B /* Debug */,
				C01FCF5008A954540054247B /* Release */,
				11EBD6CB0E57798C000D5705 /* Distribution */,
			);
			defaultConfigurationIsVisible = 0;
			defaultConfigurationName = Release;
		};
/* End XCConfigurationList section */
	};
	rootObject = 29B97313FDCFA39411CA2CEA /* Project object */;
}
