// !$*UTF8*$!
{
	archiveVersion = 1;
	classes = {
	};
	objectVersion = 45;
	objects = {

/* Begin PBXBuildFile section */
		111140AB0DB9573200508C62 /* Main.mm in Sources */ = {isa = PBXBuildFile; fileRef = 111140A50DB9573200508C62 /* Main.mm */; };
		111140AC0DB9573200508C62 /* MyView.mm in Sources */ = {isa = PBXBuildFile; fileRef = 111140A70DB9573200508C62 /* MyView.mm */; };
		111140AD0DB9573200508C62 /* FlainAppDelegate.mm in Sources */ = {isa = PBXBuildFile; fileRef = 111140A80DB9573200508C62 /* FlainAppDelegate.mm */; };
		111140AE0DB9573200508C62 /* DebugConsole.mm in Sources */ = {isa = PBXBuildFile; fileRef = 111140A90DB9573200508C62 /* DebugConsole.mm */; };
		111140BE0DB9573C00508C62 /* world.cpp in Sources */ = {isa = PBXBuildFile; fileRef = 111140B20DB9573C00508C62 /* world.cpp */; };
		111140C00DB9573C00508C62 /* entity.cpp in Sources */ = {isa = PBXBuildFile; fileRef = 111140B70DB9573C00508C62 /* entity.cpp */; };
		111140C10DB9573C00508C62 /* camera.cpp in Sources */ = {isa = PBXBuildFile; fileRef = 111140B80DB9573C00508C62 /* camera.cpp */; };
		111140C20DB9573C00508C62 /* builder.cpp in Sources */ = {isa = PBXBuildFile; fileRef = 111140B90DB9573C00508C62 /* builder.cpp */; };
		111140C90DB9574700508C62 /* selection.png in Resources */ = {isa = PBXBuildFile; fileRef = 111140C30DB9574700508C62 /* selection.png */; };
		111140CA0DB9574700508C62 /* YellowButton.png in Resources */ = {isa = PBXBuildFile; fileRef = 111140C40DB9574700508C62 /* YellowButton.png */; };
		111140CB0DB9574700508C62 /* car.png in Resources */ = {isa = PBXBuildFile; fileRef = 111140C50DB9574700508C62 /* car.png */; };
		111140CC0DB9574700508C62 /* MagentaButton.png in Resources */ = {isa = PBXBuildFile; fileRef = 111140C60DB9574700508C62 /* MagentaButton.png */; };
		111140CD0DB9574700508C62 /* CyanButton.png in Resources */ = {isa = PBXBuildFile; fileRef = 111140C70DB9574700508C62 /* CyanButton.png */; };
		111140CE0DB9574700508C62 /* ground.png in Resources */ = {isa = PBXBuildFile; fileRef = 111140C80DB9574700508C62 /* ground.png */; };
		1111410A0DBC0F0F00508C62 /* aspenGraphicsContext.mm in Sources */ = {isa = PBXBuildFile; fileRef = 111141090DBC0F0F00508C62 /* aspenGraphicsContext.mm */; };
		1D3623EC0D0F72F000981E51 /* CoreGraphics.framework in Frameworks */ = {isa = PBXBuildFile; fileRef = 1D3623EB0D0F72F000981E51 /* CoreGraphics.framework */; };
		1D60589F0D05DD5A006BFB54 /* Foundation.framework in Frameworks */ = {isa = PBXBuildFile; fileRef = 1D30AB110D05D00D00671497 /* Foundation.framework */; };
		1DF5F4E00D08C38300B7A737 /* UIKit.framework in Frameworks */ = {isa = PBXBuildFile; fileRef = 1DF5F4DF0D08C38300B7A737 /* UIKit.framework */; };
/* End PBXBuildFile section */

/* Begin PBXFileReference section */
		111140A40DB9573200508C62 /* MyView.h */ = {isa = PBXFileReference; fileEncoding = 4; lastKnownFileType = sourcecode.c.h; name = MyView.h; path = Source/iPhone/MyView.h; sourceTree = "<group>"; };
		111140A50DB9573200508C62 /* Main.mm */ = {isa = PBXFileReference; fileEncoding = 4; lastKnownFileType = sourcecode.cpp.objcpp; name = Main.mm; path = Source/iPhone/Main.mm; sourceTree = "<group>"; };
		111140A60DB9573200508C62 /* FlainAppDelegate.h */ = {isa = PBXFileReference; fileEncoding = 4; lastKnownFileType = sourcecode.c.h; name = FlainAppDelegate.h; path = Source/iPhone/FlainAppDelegate.h; sourceTree = "<group>"; };
		111140A70DB9573200508C62 /* MyView.mm */ = {isa = PBXFileReference; fileEncoding = 4; lastKnownFileType = sourcecode.cpp.objcpp; name = MyView.mm; path = Source/iPhone/MyView.mm; sourceTree = "<group>"; };
		111140A80DB9573200508C62 /* FlainAppDelegate.mm */ = {isa = PBXFileReference; fileEncoding = 4; lastKnownFileType = sourcecode.cpp.objcpp; name = FlainAppDelegate.mm; path = Source/iPhone/FlainAppDelegate.mm; sourceTree = "<group>"; };
		111140A90DB9573200508C62 /* DebugConsole.mm */ = {isa = PBXFileReference; fileEncoding = 4; lastKnownFileType = sourcecode.cpp.objcpp; name = DebugConsole.mm; path = Source/iPhone/DebugConsole.mm; sourceTree = "<group>"; };
		111140AA0DB9573200508C62 /* DebugConsole.h */ = {isa = PBXFileReference; fileEncoding = 4; lastKnownFileType = sourcecode.c.h; name = DebugConsole.h; path = Source/iPhone/DebugConsole.h; sourceTree = "<group>"; };
		111140AF0DB9573C00508C62 /* camera.h */ = {isa = PBXFileReference; fileEncoding = 4; lastKnownFileType = sourcecode.c.h; name = camera.h; path = Source/Engine/camera.h; sourceTree = "<group>"; };
		111140B00DB9573C00508C62 /* world.h */ = {isa = PBXFileReference; fileEncoding = 4; lastKnownFileType = sourcecode.c.h; name = world.h; path = Source/Engine/world.h; sourceTree = "<group>"; };
		111140B10DB9573C00508C62 /* builder.h */ = {isa = PBXFileReference; fileEncoding = 4; lastKnownFileType = sourcecode.c.h; name = builder.h; path = Source/Engine/builder.h; sourceTree = "<group>"; };
		111140B20DB9573C00508C62 /* world.cpp */ = {isa = PBXFileReference; fileEncoding = 4; lastKnownFileType = sourcecode.cpp.cpp; name = world.cpp; path = Source/Engine/world.cpp; sourceTree = "<group>"; };
		111140B30DB9573C00508C62 /* vector2.h */ = {isa = PBXFileReference; fileEncoding = 4; lastKnownFileType = sourcecode.c.h; name = vector2.h; path = Source/Engine/vector2.h; sourceTree = "<group>"; };
		111140B60DB9573C00508C62 /* graphicsContext.h */ = {isa = PBXFileReference; fileEncoding = 4; lastKnownFileType = sourcecode.c.h; name = graphicsContext.h; path = Source/Engine/graphicsContext.h; sourceTree = "<group>"; };
		111140B70DB9573C00508C62 /* entity.cpp */ = {isa = PBXFileReference; fileEncoding = 4; lastKnownFileType = sourcecode.cpp.cpp; name = entity.cpp; path = Source/Engine/entity.cpp; sourceTree = "<group>"; };
		111140B80DB9573C00508C62 /* camera.cpp */ = {isa = PBXFileReference; fileEncoding = 4; lastKnownFileType = sourcecode.cpp.cpp; name = camera.cpp; path = Source/Engine/camera.cpp; sourceTree = "<group>"; };
		111140B90DB9573C00508C62 /* builder.cpp */ = {isa = PBXFileReference; fileEncoding = 4; lastKnownFileType = sourcecode.cpp.cpp; name = builder.cpp; path = Source/Engine/builder.cpp; sourceTree = "<group>"; };
		111140BA0DB9573C00508C62 /* entity.h */ = {isa = PBXFileReference; fileEncoding = 4; lastKnownFileType = sourcecode.c.h; name = entity.h; path = Source/Engine/entity.h; sourceTree = "<group>"; };
		111140BB0DB9573C00508C62 /* pammo.h */ = {isa = PBXFileReference; fileEncoding = 4; lastKnownFileType = sourcecode.c.h; name = pammo.h; path = Source/Engine/pammo.h; sourceTree = "<group>"; };
		111140BC0DB9573C00508C62 /* transform2.h */ = {isa = PBXFileReference; fileEncoding = 4; lastKnownFileType = sourcecode.c.h; name = transform2.h; path = Source/Engine/transform2.h; sourceTree = "<group>"; };
		111140BD0DB9573C00508C62 /* dprintf.h */ = {isa = PBXFileReference; fileEncoding = 4; lastKnownFileType = sourcecode.c.h; name = dprintf.h; path = Source/Engine/dprintf.h; sourceTree = "<group>"; };
		111140C30DB9574700508C62 /* selection.png */ = {isa = PBXFileReference; lastKnownFileType = image.png; name = selection.png; path = Content/selection.png; sourceTree = "<group>"; };
		111140C40DB9574700508C62 /* YellowButton.png */ = {isa = PBXFileReference; lastKnownFileType = image.png; name = YellowButton.png; path = Content/YellowButton.png; sourceTree = "<group>"; };
		111140C50DB9574700508C62 /* car.png */ = {isa = PBXFileReference; lastKnownFileType = image.png; name = car.png; path = Content/car.png; sourceTree = "<group>"; };
		111140C60DB9574700508C62 /* MagentaButton.png */ = {isa = PBXFileReference; lastKnownFileType = image.png; name = MagentaButton.png; path = Content/MagentaButton.png; sourceTree = "<group>"; };
		111140C70DB9574700508C62 /* CyanButton.png */ = {isa = PBXFileReference; lastKnownFileType = image.png; name = CyanButton.png; path = Content/CyanButton.png; sourceTree = "<group>"; };
		111140C80DB9574700508C62 /* ground.png */ = {isa = PBXFileReference; lastKnownFileType = image.png; name = ground.png; path = Content/ground.png; sourceTree = "<group>"; };
		111141080DBC0F0F00508C62 /* aspenGraphicsContext.h */ = {isa = PBXFileReference; fileEncoding = 4; lastKnownFileType = sourcecode.c.h; name = aspenGraphicsContext.h; path = Source/iPhone/aspenGraphicsContext.h; sourceTree = "<group>"; };
		111141090DBC0F0F00508C62 /* aspenGraphicsContext.mm */ = {isa = PBXFileReference; fileEncoding = 4; lastKnownFileType = sourcecode.cpp.objcpp; name = aspenGraphicsContext.mm; path = Source/iPhone/aspenGraphicsContext.mm; sourceTree = "<group>"; };
		1D30AB110D05D00D00671497 /* Foundation.framework */ = {isa = PBXFileReference; lastKnownFileType = wrapper.framework; name = Foundation.framework; path = System/Library/Frameworks/Foundation.framework; sourceTree = SDKROOT; };
		1D3623EB0D0F72F000981E51 /* CoreGraphics.framework */ = {isa = PBXFileReference; lastKnownFileType = wrapper.framework; name = CoreGraphics.framework; path = System/Library/Frameworks/CoreGraphics.framework; sourceTree = SDKROOT; };
		1D6058910D05DD3D006BFB54 /* Pammo.app */ = {isa = PBXFileReference; explicitFileType = wrapper.application; includeInIndex = 0; path = Pammo.app; sourceTree = BUILT_PRODUCTS_DIR; };
		1DF5F4DF0D08C38300B7A737 /* UIKit.framework */ = {isa = PBXFileReference; lastKnownFileType = wrapper.framework; name = UIKit.framework; path = System/Library/Frameworks/UIKit.framework; sourceTree = SDKROOT; };
/* End PBXFileReference section */

/* Begin PBXFrameworksBuildPhase section */
		1D60588F0D05DD3D006BFB54 /* Frameworks */ = {
			isa = PBXFrameworksBuildPhase;
			buildActionMask = 2147483647;
			files = (
				1D60589F0D05DD5A006BFB54 /* Foundation.framework in Frameworks */,
				1DF5F4E00D08C38300B7A737 /* UIKit.framework in Frameworks */,
				1D3623EC0D0F72F000981E51 /* CoreGraphics.framework in Frameworks */,
			);
			runOnlyForDeploymentPostprocessing = 0;
		};
/* End PBXFrameworksBuildPhase section */

/* Begin PBXGroup section */
		1058C7A0FEA54F0111CA2CBB /* Linked Frameworks */ = {
			isa = PBXGroup;
			children = (
				1D3623EB0D0F72F000981E51 /* CoreGraphics.framework */,
				1DF5F4DF0D08C38300B7A737 /* UIKit.framework */,
				1D30AB110D05D00D00671497 /* Foundation.framework */,
			);
			name = "Linked Frameworks";
			sourceTree = "<group>";
		};
		1058C7A2FEA54F0111CA2CBB /* Other Frameworks */ = {
			isa = PBXGroup;
			children = (
			);
			name = "Other Frameworks";
			sourceTree = "<group>";
		};
		11C3FCFB0DB9541800391B19 /* Engine */ = {
			isa = PBXGroup;
			children = (
				111140B00DB9573C00508C62 /* world.h */,
				111140B20DB9573C00508C62 /* world.cpp */,
				111140B30DB9573C00508C62 /* vector2.h */,
				111140B60DB9573C00508C62 /* graphicsContext.h */,
				111140BA0DB9573C00508C62 /* entity.h */,
				111140B70DB9573C00508C62 /* entity.cpp */,
				111140AF0DB9573C00508C62 /* camera.h */,
				111140B80DB9573C00508C62 /* camera.cpp */,
				111140B10DB9573C00508C62 /* builder.h */,
				111140B90DB9573C00508C62 /* builder.cpp */,
				111140BB0DB9573C00508C62 /* pammo.h */,
				111140BC0DB9573C00508C62 /* transform2.h */,
				111140BD0DB9573C00508C62 /* dprintf.h */,
			);
			name = Engine;
			sourceTree = "<group>";
		};
		11C3FCFC0DB9542200391B19 /* iPhone */ = {
			isa = PBXGroup;
			children = (
				111140A40DB9573200508C62 /* MyView.h */,
				111140A70DB9573200508C62 /* MyView.mm */,
				111140A50DB9573200508C62 /* Main.mm */,
				111140A60DB9573200508C62 /* FlainAppDelegate.h */,
				111140A80DB9573200508C62 /* FlainAppDelegate.mm */,
				111140A90DB9573200508C62 /* DebugConsole.mm */,
				111140AA0DB9573200508C62 /* DebugConsole.h */,
				111141080DBC0F0F00508C62 /* aspenGraphicsContext.h */,
				111141090DBC0F0F00508C62 /* aspenGraphicsContext.mm */,
			);
			name = iPhone;
			sourceTree = "<group>";
		};
		19C28FACFE9D520D11CA2CBB /* Products */ = {
			isa = PBXGroup;
			children = (
				1D6058910D05DD3D006BFB54 /* Pammo.app */,
			);
			name = Products;
			sourceTree = "<group>";
		};
		29B97314FDCFA39411CA2CEA /* CustomTemplate */ = {
			isa = PBXGroup;
			children = (
				11C3FCFC0DB9542200391B19 /* iPhone */,
				11C3FCFB0DB9541800391B19 /* Engine */,
				29B97317FDCFA39411CA2CEA /* Content */,
				29B97323FDCFA39411CA2CEA /* Frameworks */,
				19C28FACFE9D520D11CA2CBB /* Products */,
			);
			name = CustomTemplate;
			sourceTree = "<group>";
		};
		29B97317FDCFA39411CA2CEA /* Content */ = {
			isa = PBXGroup;
			children = (
				111140C30DB9574700508C62 /* selection.png */,
				111140C40DB9574700508C62 /* YellowButton.png */,
				111140C50DB9574700508C62 /* car.png */,
				111140C60DB9574700508C62 /* MagentaButton.png */,
				111140C70DB9574700508C62 /* CyanButton.png */,
				111140C80DB9574700508C62 /* ground.png */,
			);
			name = Content;
			sourceTree = "<group>";
		};
		29B97323FDCFA39411CA2CEA /* Frameworks */ = {
			isa = PBXGroup;
			children = (
				1058C7A0FEA54F0111CA2CBB /* Linked Frameworks */,
				1058C7A2FEA54F0111CA2CBB /* Other Frameworks */,
			);
			name = Frameworks;
			sourceTree = "<group>";
		};
/* End PBXGroup section */

/* Begin PBXNativeTarget section */
		1D6058900D05DD3D006BFB54 /* Pammo */ = {
			isa = PBXNativeTarget;
			buildConfigurationList = 1D6058960D05DD3E006BFB54 /* Build configuration list for PBXNativeTarget "Pammo" */;
			buildPhases = (
				1D60588D0D05DD3D006BFB54 /* Resources */,
				1D60588E0D05DD3D006BFB54 /* Sources */,
				1D60588F0D05DD3D006BFB54 /* Frameworks */,
			);
			buildRules = (
			);
			dependencies = (
			);
			name = Pammo;
			productName = Flain;
			productReference = 1D6058910D05DD3D006BFB54 /* Pammo.app */;
			productType = "com.apple.product-type.application";
		};
/* End PBXNativeTarget section */

/* Begin PBXProject section */
		29B97313FDCFA39411CA2CEA /* Project object */ = {
			isa = PBXProject;
			buildConfigurationList = C01FCF4E08A954540054247B /* Build configuration list for PBXProject "Pammo" */;
			compatibilityVersion = "Xcode 3.1";
			hasScannedForEncodings = 1;
			mainGroup = 29B97314FDCFA39411CA2CEA /* CustomTemplate */;
			projectDirPath = "";
			projectRoot = "";
			targets = (
				1D6058900D05DD3D006BFB54 /* Pammo */,
			);
		};
/* End PBXProject section */

/* Begin PBXResourcesBuildPhase section */
		1D60588D0D05DD3D006BFB54 /* Resources */ = {
			isa = PBXResourcesBuildPhase;
			buildActionMask = 2147483647;
			files = (
				111140C90DB9574700508C62 /* selection.png in Resources */,
				111140CA0DB9574700508C62 /* YellowButton.png in Resources */,
				111140CB0DB9574700508C62 /* car.png in Resources */,
				111140CC0DB9574700508C62 /* MagentaButton.png in Resources */,
				111140CD0DB9574700508C62 /* CyanButton.png in Resources */,
				111140CE0DB9574700508C62 /* ground.png in Resources */,
			);
			runOnlyForDeploymentPostprocessing = 0;
		};
/* End PBXResourcesBuildPhase section */

/* Begin PBXSourcesBuildPhase section */
		1D60588E0D05DD3D006BFB54 /* Sources */ = {
			isa = PBXSourcesBuildPhase;
			buildActionMask = 2147483647;
			files = (
				111140AB0DB9573200508C62 /* Main.mm in Sources */,
				111140AC0DB9573200508C62 /* MyView.mm in Sources */,
				111140AD0DB9573200508C62 /* FlainAppDelegate.mm in Sources */,
				111140AE0DB9573200508C62 /* DebugConsole.mm in Sources */,
				111140BE0DB9573C00508C62 /* world.cpp in Sources */,
				111140C00DB9573C00508C62 /* entity.cpp in Sources */,
				111140C10DB9573C00508C62 /* camera.cpp in Sources */,
				111140C20DB9573C00508C62 /* builder.cpp in Sources */,
				1111410A0DBC0F0F00508C62 /* aspenGraphicsContext.mm in Sources */,
			);
			runOnlyForDeploymentPostprocessing = 0;
		};
/* End PBXSourcesBuildPhase section */

/* Begin XCBuildConfiguration section */
		1D6058940D05DD3E006BFB54 /* Debug */ = {
			isa = XCBuildConfiguration;
			buildSettings = {
				COPY_PHASE_STRIP = NO;
				DEBUG_INFORMATION_FORMAT = "dwarf-with-dsym";
				GCC_DYNAMIC_NO_PIC = NO;
				GCC_ENABLE_FIX_AND_CONTINUE = NO;
				GCC_OPTIMIZATION_LEVEL = 0;
				GCC_PRECOMPILE_PREFIX_HEADER = YES;
				GCC_PREFIX_HEADER = "";
				INFOPLIST_FILE = Info.plist;
				PREBINDING = NO;
				PRODUCT_NAME = Pammo;
				VERSION_INFO_FILE = "$(PRODUCT_NAME)_vers.c";
			};
			name = Debug;
		};
		1D6058950D05DD3E006BFB54 /* Release */ = {
			isa = XCBuildConfiguration;
			buildSettings = {
				COPY_PHASE_STRIP = YES;
				DEBUG_INFORMATION_FORMAT = "dwarf-with-dsym";
				GCC_ENABLE_FIX_AND_CONTINUE = NO;
				GCC_PRECOMPILE_PREFIX_HEADER = YES;
				GCC_PREFIX_HEADER = Flain_Prefix.pch;
				INFOPLIST_FILE = Info.plist;
				PREBINDING = NO;
				PRODUCT_NAME = Flain;
				WRAPPER_EXTENSION = app;
			};
			name = Release;
		};
		C01FCF4F08A954540054247B /* Debug */ = {
			isa = XCBuildConfiguration;
			buildSettings = {
				ALWAYS_SEARCH_USER_PATHS = NO;
				ARCHS = "$(ARCHS_STANDARD_32_BIT)";
				"CODE_SIGN_IDENTITY[sdk=aspen*]" = "iPhone Developer";
				GCC_C_LANGUAGE_STANDARD = c99;
				GCC_WARN_ABOUT_RETURN_TYPE = YES;
				GCC_WARN_UNUSED_VARIABLE = YES;
				ONLY_ACTIVE_ARCH = YES;
				PREBINDING = NO;
				SDKROOT = iphoneos2.0;
			};
			name = Debug;
		};
		C01FCF5008A954540054247B /* Release */ = {
			isa = XCBuildConfiguration;
			buildSettings = {
				ARCHS = "$(ARCHS_STANDARD_32_BIT)";
				PREBINDING = NO;
				SDKROOT = iphoneos2.0;
			};
			name = Release;
		};
/* End XCBuildConfiguration section */

/* Begin XCConfigurationList section */
		1D6058960D05DD3E006BFB54 /* Build configuration list for PBXNativeTarget "Pammo" */ = {
			isa = XCConfigurationList;
			buildConfigurations = (
				1D6058940D05DD3E006BFB54 /* Debug */,
				1D6058950D05DD3E006BFB54 /* Release */,
			);
			defaultConfigurationIsVisible = 0;
			defaultConfigurationName = Release;
		};
		C01FCF4E08A954540054247B /* Build configuration list for PBXProject "Pammo" */ = {
			isa = XCConfigurationList;
			buildConfigurations = (
				C01FCF4F08A954540054247B /* Debug */,
				C01FCF5008A954540054247B /* Release */,
			);
			defaultConfigurationIsVisible = 0;
			defaultConfigurationName = Release;
		};
/* End XCConfigurationList section */
	};
	rootObject = 29B97313FDCFA39411CA2CEA /* Project object */;
}
